
Microsoft Visual Studio Solution File, Format Version 11.00
# Visual Studio 2010
Project("{FAE04EC0-301F-11D3-BF4B-00C04F79EFBC}") = "NStatsD", "NStatsD\NStatsD.csproj", "{EF360062-B063-4E57-9D7F-69062EC824E6}"
EndProject
Project("{FAE04EC0-301F-11D3-BF4B-00C04F79EFBC}") = "NStatsD.Client.Demo", "NStatsD.Client.Demo\NStatsD.Client.Demo.csproj", "{4146AEF5-29E5-42D0-95C4-D444AC1F385A}"
EndProject
Global
	GlobalSection(SolutionConfigurationPlatforms) = preSolution
		Debug|Any CPU = Debug|Any CPU
		Debug|Mixed Platforms = Debug|Mixed Platforms
		Debug|x86 = Debug|x86
		Release|Any CPU = Release|Any CPU
		Release|Mixed Platforms = Release|Mixed Platforms
		Release|x86 = Release|x86
	EndGlobalSection
	GlobalSection(ProjectConfigurationPlatforms) = postSolution
		{EF360062-B063-4E57-9D7F-69062EC824E6}.Debug|Any CPU.ActiveCfg = Debug|Any CPU
		{EF360062-B063-4E57-9D7F-69062EC824E6}.Debug|Any CPU.Build.0 = Debug|Any CPU
		{EF360062-B063-4E57-9D7F-69062EC824E6}.Debug|Mixed Platforms.ActiveCfg = Debug|Any CPU
		{EF360062-B063-4E57-9D7F-69062EC824E6}.Debug|Mixed Platforms.Build.0 = Debug|Any CPU
		{EF360062-B063-4E57-9D7F-69062EC824E6}.Debug|x86.ActiveCfg = Debug|Any CPU
		{EF360062-B063-4E57-9D7F-69062EC824E6}.Release|Any CPU.ActiveCfg = Release|Any CPU
		{EF360062-B063-4E57-9D7F-69062EC824E6}.Release|Any CPU.Build.0 = Release|Any CPU
		{EF360062-B063-4E57-9D7F-69062EC824E6}.Release|Mixed Platforms.ActiveCfg = Release|Any CPU
		{EF360062-B063-4E57-9D7F-69062EC824E6}.Release|Mixed Platforms.Build.0 = Release|Any CPU
		{EF360062-B063-4E57-9D7F-69062EC824E6}.Release|x86.ActiveCfg = Release|Any CPU
		{4146AEF5-29E5-42D0-95C4-D444AC1F385A}.Debug|Any CPU.ActiveCfg = Debug|x86
		{4146AEF5-29E5-42D0-95C4-D444AC1F385A}.Debug|Mixed Platforms.ActiveCfg = Debug|x86
		{4146AEF5-29E5-42D0-95C4-D444AC1F385A}.Debug|Mixed Platforms.Build.0 = Debug|x86
		{4146AEF5-29E5-42D0-95C4-D444AC1F385A}.Debug|x86.ActiveCfg = Debug|x86
		{4146AEF5-29E5-42D0-95C4-D444AC1F385A}.Debug|x86.Build.0 = Debug|x86
		{4146AEF5-29E5-42D0-95C4-D444AC1F385A}.Release|Any CPU.ActiveCfg = Release|x86
		{4146AEF5-29E5-42D0-95C4-D444AC1F385A}.Release|Mixed Platforms.ActiveCfg = Release|x86
		{4146AEF5-29E5-42D0-95C4-D444AC1F385A}.Release|Mixed Platforms.Build.0 = Release|x86
		{4146AEF5-29E5-42D0-95C4-D444AC1F385A}.Release|x86.ActiveCfg = Release|x86
		{4146AEF5-29E5-42D0-95C4-D444AC1F385A}.Release|x86.Build.0 = Release|x86
	EndGlobalSection
	GlobalSection(SolutionProperties) = preSolution
		HideSolutionNode = FALSE
	EndGlobalSection
EndGlobal
